// !$*UTF8*$!
{
	archiveVersion = 1;
	classes = {
	};
	objectVersion = 56;
	objects = {

/* Begin PBXBuildFile section */
		4560C5622AE7F42E00E1031F /* AppDelegate.swift in Sources */ = {isa = PBXBuildFile; fileRef = 4560C5612AE7F42E00E1031F /* AppDelegate.swift */; };
		4560C5642AE7F42E00E1031F /* SceneDelegate.swift in Sources */ = {isa = PBXBuildFile; fileRef = 4560C5632AE7F42E00E1031F /* SceneDelegate.swift */; };
		4560C5662AE7F42F00E1031F /* ThemeViewController.swift in Sources */ = {isa = PBXBuildFile; fileRef = 4560C5652AE7F42F00E1031F /* ThemeViewController.swift */; };
		4560C5692AE7F42F00E1031F /* Main.storyboard in Resources */ = {isa = PBXBuildFile; fileRef = 4560C5672AE7F42F00E1031F /* Main.storyboard */; };
		4560C56B2AE7F43100E1031F /* Assets.xcassets in Resources */ = {isa = PBXBuildFile; fileRef = 4560C56A2AE7F43100E1031F /* Assets.xcassets */; };
		4560C56E2AE7F43100E1031F /* LaunchScreen.storyboard in Resources */ = {isa = PBXBuildFile; fileRef = 4560C56C2AE7F43100E1031F /* LaunchScreen.storyboard */; };
		459490E22AE851E100ACA9D4 /* Extension.swift in Sources */ = {isa = PBXBuildFile; fileRef = 459490E12AE851E100ACA9D4 /* Extension.swift */; };
/* End PBXBuildFile section */

/* Begin PBXFileReference section */
		4560C55E2AE7F42E00E1031F /* DarkThemeApp.app */ = {isa = PBXFileReference; explicitFileType = wrapper.application; includeInIndex = 0; path = DarkThemeApp.app; sourceTree = BUILT_PRODUCTS_DIR; };
		4560C5612AE7F42E00E1031F /* AppDelegate.swift */ = {isa = PBXFileReference; lastKnownFileType = sourcecode.swift; path = AppDelegate.swift; sourceTree = "<group>"; };
		4560C5632AE7F42E00E1031F /* SceneDelegate.swift */ = {isa = PBXFileReference; lastKnownFileType = sourcecode.swift; path = SceneDelegate.swift; sourceTree = "<group>"; };
		4560C5652AE7F42F00E1031F /* ThemeViewController.swift */ = {isa = PBXFileReference; lastKnownFileType = sourcecode.swift; path = ThemeViewController.swift; sourceTree = "<group>"; };
		4560C5682AE7F42F00E1031F /* Base */ = {isa = PBXFileReference; lastKnownFileType = file.storyboard; name = Base; path = Base.lproj/Main.storyboard; sourceTree = "<group>"; };
		4560C56A2AE7F43100E1031F /* Assets.xcassets */ = {isa = PBXFileReference; lastKnownFileType = folder.assetcatalog; path = Assets.xcassets; sourceTree = "<group>"; };
		4560C56D2AE7F43100E1031F /* Base */ = {isa = PBXFileReference; lastKnownFileType = file.storyboard; name = Base; path = Base.lproj/LaunchScreen.storyboard; sourceTree = "<group>"; };
		4560C56F2AE7F43100E1031F /* Info.plist */ = {isa = PBXFileReference; lastKnownFileType = text.plist.xml; path = Info.plist; sourceTree = "<group>"; };
		459490E12AE851E100ACA9D4 /* Extension.swift */ = {isa = PBXFileReference; lastKnownFileType = sourcecode.swift; path = Extension.swift; sourceTree = "<group>"; };
/* End PBXFileReference section */

/* Begin PBXFrameworksBuildPhase section */
		4560C55B2AE7F42E00E1031F /* Frameworks */ = {
			isa = PBXFrameworksBuildPhase;
			buildActionMask = 2147483647;
			files = (
			);
			runOnlyForDeploymentPostprocessing = 0;
		};
/* End PBXFrameworksBuildPhase section */

/* Begin PBXGroup section */
		4560C5552AE7F42E00E1031F = {
			isa = PBXGroup;
			children = (
				4560C5602AE7F42E00E1031F /* DarkThemeApp */,
				4560C55F2AE7F42E00E1031F /* Products */,
			);
			sourceTree = "<group>";
		};
		4560C55F2AE7F42E00E1031F /* Products */ = {
			isa = PBXGroup;
			children = (
				4560C55E2AE7F42E00E1031F /* DarkThemeApp.app */,
			);
			name = Products;
			sourceTree = "<group>";
		};
		4560C5602AE7F42E00E1031F /* DarkThemeApp */ = {
			isa = PBXGroup;
			children = (
				459490E02AE851B200ACA9D4 /* Extensions */,
				459490DD2AE8030A00ACA9D4 /* Model */,
				459490DC2AE8014300ACA9D4 /* AppDelegator */,
				459490DE2AE8031900ACA9D4 /* View */,
				459490DF2AE8039B00ACA9D4 /* Controller */,
				4560C56A2AE7F43100E1031F /* Assets.xcassets */,
				4560C56F2AE7F43100E1031F /* Info.plist */,
			);
			path = DarkThemeApp;
			sourceTree = "<group>";
		};
		459490DC2AE8014300ACA9D4 /* AppDelegator */ = {
			isa = PBXGroup;
			children = (
				4560C5612AE7F42E00E1031F /* AppDelegate.swift */,
				4560C5632AE7F42E00E1031F /* SceneDelegate.swift */,
			);
			path = AppDelegator;
			sourceTree = "<group>";
		};
		459490DD2AE8030A00ACA9D4 /* Model */ = {
			isa = PBXGroup;
			children = (
			);
			path = Model;
			sourceTree = "<group>";
		};
		459490DE2AE8031900ACA9D4 /* View */ = {
			isa = PBXGroup;
			children = (
				4560C5672AE7F42F00E1031F /* Main.storyboard */,
				4560C56C2AE7F43100E1031F /* LaunchScreen.storyboard */,
			);
			path = View;
			sourceTree = "<group>";
		};
		459490DF2AE8039B00ACA9D4 /* Controller */ = {
			isa = PBXGroup;
			children = (
				4560C5652AE7F42F00E1031F /* ThemeViewController.swift */,
			);
			path = Controller;
			sourceTree = "<group>";
		};
		459490E02AE851B200ACA9D4 /* Extensions */ = {
			isa = PBXGroup;
			children = (
				459490E12AE851E100ACA9D4 /* Extension.swift */,
			);
			path = Extensions;
			sourceTree = "<group>";
		};
/* End PBXGroup section */

/* Begin PBXNativeTarget section */
		4560C55D2AE7F42E00E1031F /* DarkThemeApp */ = {
			isa = PBXNativeTarget;
			buildConfigurationList = 4560C5722AE7F43100E1031F /* Build configuration list for PBXNativeTarget "DarkThemeApp" */;
			buildPhases = (
				4560C55A2AE7F42E00E1031F /* Sources */,
				4560C55B2AE7F42E00E1031F /* Frameworks */,
				4560C55C2AE7F42E00E1031F /* Resources */,
			);
			buildRules = (
			);
			dependencies = (
			);
			name = DarkThemeApp;
			productName = DarkThemeApp;
			productReference = 4560C55E2AE7F42E00E1031F /* DarkThemeApp.app */;
			productType = "com.apple.product-type.application";
		};
/* End PBXNativeTarget section */

/* Begin PBXProject section */
		4560C5562AE7F42E00E1031F /* Project object */ = {
			isa = PBXProject;
			attributes = {
				BuildIndependentTargetsInParallel = 1;
				LastSwiftUpdateCheck = 1500;
				LastUpgradeCheck = 1500;
				TargetAttributes = {
					4560C55D2AE7F42E00E1031F = {
						CreatedOnToolsVersion = 15.0;
					};
				};
			};
			buildConfigurationList = 4560C5592AE7F42E00E1031F /* Build configuration list for PBXProject "DarkThemeApp" */;
			compatibilityVersion = "Xcode 14.0";
			developmentRegion = en;
			hasScannedForEncodings = 0;
			knownRegions = (
				en,
				Base,
			);
			mainGroup = 4560C5552AE7F42E00E1031F;
			productRefGroup = 4560C55F2AE7F42E00E1031F /* Products */;
			projectDirPath = "";
			projectRoot = "";
			targets = (
				4560C55D2AE7F42E00E1031F /* DarkThemeApp */,
			);
		};
/* End PBXProject section */

/* Begin PBXResourcesBuildPhase section */
		4560C55C2AE7F42E00E1031F /* Resources */ = {
			isa = PBXResourcesBuildPhase;
			buildActionMask = 2147483647;
			files = (
				4560C56E2AE7F43100E1031F /* LaunchScreen.storyboard in Resources */,
				4560C56B2AE7F43100E1031F /* Assets.xcassets in Resources */,
				4560C5692AE7F42F00E1031F /* Main.storyboard in Resources */,
			);
			runOnlyForDeploymentPostprocessing = 0;
		};
/* End PBXResourcesBuildPhase section */

/* Begin PBXSourcesBuildPhase section */
		4560C55A2AE7F42E00E1031F /* Sources */ = {
			isa = PBXSourcesBuildPhase;
			buildActionMask = 2147483647;
			files = (
				4560C5662AE7F42F00E1031F /* ThemeViewController.swift in Sources */,
				4560C5622AE7F42E00E1031F /* AppDelegate.swift in Sources */,
				4560C5642AE7F42E00E1031F /* SceneDelegate.swift in Sources */,
				459490E22AE851E100ACA9D4 /* Extension.swift in Sources */,
			);
			runOnlyForDeploymentPostprocessing = 0;
		};
/* End PBXSourcesBuildPhase section */

/* Begin PBXVariantGroup section */
		4560C5672AE7F42F00E1031F /* Main.storyboard */ = {
			isa = PBXVariantGroup;
			children = (
				4560C5682AE7F42F00E1031F /* Base */,
			);
			name = Main.storyboard;
			sourceTree = "<group>";
		};
		4560C56C2AE7F43100E1031F /* LaunchScreen.storyboard */ = {
			isa = PBXVariantGroup;
			children = (
				4560C56D2AE7F43100E1031F /* Base */,
			);
			name = LaunchScreen.storyboard;
			sourceTree = "<group>";
		};
/* End PBXVariantGroup section */

/* Begin XCBuildConfiguration section */
		4560C5702AE7F43100E1031F /* Debug */ = {
			isa = XCBuildConfiguration;
			buildSettings = {
				ALWAYS_SEARCH_USER_PATHS = NO;
				ASSETCATALOG_COMPILER_GENERATE_SWIFT_ASSET_SYMBOL_EXTENSIONS = YES;
				CLANG_ANALYZER_NONNULL = YES;
				CLANG_ANALYZER_NUMBER_OBJECT_CONVERSION = YES_AGGRESSIVE;
				CLANG_CXX_LANGUAGE_STANDARD = "gnu++20";
				CLANG_ENABLE_MODULES = YES;
				CLANG_ENABLE_OBJC_ARC = YES;
				CLANG_ENABLE_OBJC_WEAK = YES;
				CLANG_WARN_BLOCK_CAPTURE_AUTORELEASING = YES;
				CLANG_WARN_BOOL_CONVERSION = YES;
				CLANG_WARN_COMMA = YES;
				CLANG_WARN_CONSTANT_CONVERSION = YES;
				CLANG_WARN_DEPRECATED_OBJC_IMPLEMENTATIONS = YES;
				CLANG_WARN_DIRECT_OBJC_ISA_USAGE = YES_ERROR;
				CLANG_WARN_DOCUMENTATION_COMMENTS = YES;
				CLANG_WARN_EMPTY_BODY = YES;
				CLANG_WARN_ENUM_CONVERSION = YES;
				CLANG_WARN_INFINITE_RECURSION = YES;
				CLANG_WARN_INT_CONVERSION = YES;
				CLANG_WARN_NON_LITERAL_NULL_CONVERSION = YES;
				CLANG_WARN_OBJC_IMPLICIT_RETAIN_SELF = YES;
				CLANG_WARN_OBJC_LITERAL_CONVERSION = YES;
				CLANG_WARN_OBJC_ROOT_CLASS = YES_ERROR;
				CLANG_WARN_QUOTED_INCLUDE_IN_FRAMEWORK_HEADER = YES;
				CLANG_WARN_RANGE_LOOP_ANALYSIS = YES;
				CLANG_WARN_STRICT_PROTOTYPES = YES;
				CLANG_WARN_SUSPICIOUS_MOVE = YES;
				CLANG_WARN_UNGUARDED_AVAILABILITY = YES_AGGRESSIVE;
				CLANG_WARN_UNREACHABLE_CODE = YES;
				CLANG_WARN__DUPLICATE_METHOD_MATCH = YES;
				COPY_PHASE_STRIP = NO;
				DEBUG_INFORMATION_FORMAT = dwarf;
				ENABLE_STRICT_OBJC_MSGSEND = YES;
				ENABLE_TESTABILITY = YES;
				ENABLE_USER_SCRIPT_SANDBOXING = YES;
				GCC_C_LANGUAGE_STANDARD = gnu17;
				GCC_DYNAMIC_NO_PIC = NO;
				GCC_NO_COMMON_BLOCKS = YES;
				GCC_OPTIMIZATION_LEVEL = 0;
				GCC_PREPROCESSOR_DEFINITIONS = (
					"DEBUG=1",
					"$(inherited)",
				);
				GCC_WARN_64_TO_32_BIT_CONVERSION = YES;
				GCC_WARN_ABOUT_RETURN_TYPE = YES_ERROR;
				GCC_WARN_UNDECLARED_SELECTOR = YES;
				GCC_WARN_UNINITIALIZED_AUTOS = YES_AGGRESSIVE;
				GCC_WARN_UNUSED_FUNCTION = YES;
				GCC_WARN_UNUSED_VARIABLE = YES;
				IPHONEOS_DEPLOYMENT_TARGET = 17.0;
				LOCALIZATION_PREFERS_STRING_CATALOGS = YES;
				MTL_ENABLE_DEBUG_INFO = INCLUDE_SOURCE;
				MTL_FAST_MATH = YES;
				ONLY_ACTIVE_ARCH = YES;
				SDKROOT = iphoneos;
				SWIFT_ACTIVE_COMPILATION_CONDITIONS = "DEBUG $(inherited)";
				SWIFT_OPTIMIZATION_LEVEL = "-Onone";
			};
			name = Debug;
		};
		4560C5712AE7F43100E1031F /* Release */ = {
			isa = XCBuildConfiguration;
			buildSettings = {
				ALWAYS_SEARCH_USER_PATHS = NO;
				ASSETCATALOG_COMPILER_GENERATE_SWIFT_ASSET_SYMBOL_EXTENSIONS = YES;
				CLANG_ANALYZER_NONNULL = YES;
				CLANG_ANALYZER_NUMBER_OBJECT_CONVERSION = YES_AGGRESSIVE;
				CLANG_CXX_LANGUAGE_STANDARD = "gnu++20";
				CLANG_ENABLE_MODULES = YES;
				CLANG_ENABLE_OBJC_ARC = YES;
				CLANG_ENABLE_OBJC_WEAK = YES;
				CLANG_WARN_BLOCK_CAPTURE_AUTORELEASING = YES;
				CLANG_WARN_BOOL_CONVERSION = YES;
				CLANG_WARN_COMMA = YES;
				CLANG_WARN_CONSTANT_CONVERSION = YES;
				CLANG_WARN_DEPRECATED_OBJC_IMPLEMENTATIONS = YES;
				CLANG_WARN_DIRECT_OBJC_ISA_USAGE = YES_ERROR;
				CLANG_WARN_DOCUMENTATION_COMMENTS = YES;
				CLANG_WARN_EMPTY_BODY = YES;
				CLANG_WARN_ENUM_CONVERSION = YES;
				CLANG_WARN_INFINITE_RECURSION = YES;
				CLANG_WARN_INT_CONVERSION = YES;
				CLANG_WARN_NON_LITERAL_NULL_CONVERSION = YES;
				CLANG_WARN_OBJC_IMPLICIT_RETAIN_SELF = YES;
				CLANG_WARN_OBJC_LITERAL_CONVERSION = YES;
				CLANG_WARN_OBJC_ROOT_CLASS = YES_ERROR;
				CLANG_WARN_QUOTED_INCLUDE_IN_FRAMEWORK_HEADER = YES;
				CLANG_WARN_RANGE_LOOP_ANALYSIS = YES;
				CLANG_WARN_STRICT_PROTOTYPES = YES;
				CLANG_WARN_SUSPICIOUS_MOVE = YES;
				CLANG_WARN_UNGUARDED_AVAILABILITY = YES_AGGRESSIVE;
				CLANG_WARN_UNREACHABLE_CODE = YES;
				CLANG_WARN__DUPLICATE_METHOD_MATCH = YES;
				COPY_PHASE_STRIP = NO;
				DEBUG_INFORMATION_FORMAT = "dwarf-with-dsym";
				ENABLE_NS_ASSERTIONS = NO;
				ENABLE_STRICT_OBJC_MSGSEND = YES;
				ENABLE_USER_SCRIPT_SANDBOXING = YES;
				GCC_C_LANGUAGE_STANDARD = gnu17;
				GCC_NO_COMMON_BLOCKS = YES;
				GCC_WARN_64_TO_32_BIT_CONVERSION = YES;
				GCC_WARN_ABOUT_RETURN_TYPE = YES_ERROR;
				GCC_WARN_UNDECLARED_SELECTOR = YES;
				GCC_WARN_UNINITIALIZED_AUTOS = YES_AGGRESSIVE;
				GCC_WARN_UNUSED_FUNCTION = YES;
				GCC_WARN_UNUSED_VARIABLE = YES;
				IPHONEOS_DEPLOYMENT_TARGET = 17.0;
				LOCALIZATION_PREFERS_STRING_CATALOGS = YES;
				MTL_ENABLE_DEBUG_INFO = NO;
				MTL_FAST_MATH = YES;
				SDKROOT = iphoneos;
				SWIFT_COMPILATION_MODE = wholemodule;
				VALIDATE_PRODUCT = YES;
			};
			name = Release;
		};
		4560C5732AE7F43100E1031F /* Debug */ = {
			isa = XCBuildConfiguration;
			buildSettings = {
				ASSETCATALOG_COMPILER_APPICON_NAME = AppIcon;
				ASSETCATALOG_COMPILER_GLOBAL_ACCENT_COLOR_NAME = AccentColor;
				CODE_SIGN_STYLE = Automatic;
				CURRENT_PROJECT_VERSION = 1;
				DEVELOPMENT_TEAM = VDVXDW9CJK;
				GENERATE_INFOPLIST_FILE = YES;
				INFOPLIST_FILE = DarkThemeApp/Info.plist;
				INFOPLIST_KEY_UIApplicationSupportsIndirectInputEvents = YES;
				INFOPLIST_KEY_UILaunchStoryboardName = LaunchScreen;
				INFOPLIST_KEY_UIMainStoryboardFile = Main;
				INFOPLIST_KEY_UISupportedInterfaceOrientations_iPad = "UIInterfaceOrientationPortrait UIInterfaceOrientationPortraitUpsideDown UIInterfaceOrientationLandscapeLeft UIInterfaceOrientationLandscapeRight";
				INFOPLIST_KEY_UISupportedInterfaceOrientations_iPhone = "UIInterfaceOrientationPortrait UIInterfaceOrientationLandscapeLeft UIInterfaceOrientationLandscapeRight";
				LD_RUNPATH_SEARCH_PATHS = (
					"$(inherited)",
					"@executable_path/Frameworks",
				);
				MARKETING_VERSION = 1.0;
				PRODUCT_BUNDLE_IDENTIFIER = accenture.DarkThemeApp;
				PRODUCT_NAME = "$(TARGET_NAME)";
				SWIFT_EMIT_LOC_STRINGS = YES;
				SWIFT_VERSION = 5.0;
				TARGETED_DEVICE_FAMILY = "1,2";
			};
			name = Debug;
		};
		4560C5742AE7F43100E1031F /* Release */ = {
			isa = XCBuildConfiguration;
			buildSettings = {
				ASSETCATALOG_COMPILER_APPICON_NAME = AppIcon;
				ASSETCATALOG_COMPILER_GLOBAL_ACCENT_COLOR_NAME = AccentColor;
				CODE_SIGN_STYLE = Automatic;
				CURRENT_PROJECT_VERSION = 1;
				DEVELOPMENT_TEAM = VDVXDW9CJK;
				GENERATE_INFOPLIST_FILE = YES;
				INFOPLIST_FILE = DarkThemeApp/Info.plist;
				INFOPLIST_KEY_UIApplicationSupportsIndirectInputEvents = YES;
				INFOPLIST_KEY_UILaunchStoryboardName = LaunchScreen;
				INFOPLIST_KEY_UIMainStoryboardFile = Main;
				INFOPLIST_KEY_UISupportedInterfaceOrientations_iPad = "UIInterfaceOrientationPortrait UIInterfaceOrientationPortraitUpsideDown UIInterfaceOrientationLandscapeLeft UIInterfaceOrientationLandscapeRight";
				INFOPLIST_KEY_UISupportedInterfaceOrientations_iPhone = "UIInterfaceOrientationPortrait UIInterfaceOrientationLandscapeLeft UIInterfaceOrientationLandscapeRight";
				LD_RUNPATH_SEARCH_PATHS = (
					"$(inherited)",
					"@executable_path/Frameworks",
				);
				MARKETING_VERSION = 1.0;
				PRODUCT_BUNDLE_IDENTIFIER = accenture.DarkThemeApp;
				PRODUCT_NAME = "$(TARGET_NAME)";
				SWIFT_EMIT_LOC_STRINGS = YES;
				SWIFT_VERSION = 5.0;
				TARGETED_DEVICE_FAMILY = "1,2";
			};
			name = Release;
		};
/* End XCBuildConfiguration section */

/* Begin XCConfigurationList section */
		4560C5592AE7F42E00E1031F /* Build configuration list for PBXProject "DarkThemeApp" */ = {
			isa = XCConfigurationList;
			buildConfigurations = (
				4560C5702AE7F43100E1031F /* Debug */,
				4560C5712AE7F43100E1031F /* Release */,
			);
			defaultConfigurationIsVisible = 0;
			defaultConfigurationName = Release;
		};
		4560C5722AE7F43100E1031F /* Build configuration list for PBXNativeTarget "DarkThemeApp" */ = {
			isa = XCConfigurationList;
			buildConfigurations = (
				4560C5732AE7F43100E1031F /* Debug */,
				4560C5742AE7F43100E1031F /* Release */,
			);
			defaultConfigurationIsVisible = 0;
			defaultConfigurationName = Release;
		};
/* End XCConfigurationList section */
	};
	rootObject = 4560C5562AE7F42E00E1031F /* Project object */;
}
